// !$*UTF8*$!
{
	archiveVersion = 1;
	classes = {
	};
	objectVersion = 46;
	objects = {

/* Begin PBXBuildFile section */
		092354B313A1D7EB00DA740F /* CFNetwork.framework in Frameworks */ = {isa = PBXBuildFile; fileRef = 092354B213A1D7EB00DA740F /* CFNetwork.framework */; };
		092354B513A1D7F000DA740F /* SystemConfiguration.framework in Frameworks */ = {isa = PBXBuildFile; fileRef = 092354B413A1D7F000DA740F /* SystemConfiguration.framework */; };
		092354B713A1D83C00DA740F /* MobileCoreServices.framework in Frameworks */ = {isa = PBXBuildFile; fileRef = 092354B613A1D83C00DA740F /* MobileCoreServices.framework */; };
		094ACA0014367ACD008398F8 /* Parse.framework in Frameworks */ = {isa = PBXBuildFile; fileRef = 094AC9FF14367ACD008398F8 /* Parse.framework */; };
		095ACE8613C68EA300566243 /* AudioToolbox.framework in Frameworks */ = {isa = PBXBuildFile; fileRef = 095ACE8513C68EA300566243 /* AudioToolbox.framework */; };
		099CCEAD13F9E3760039A464 /* libz.1.1.3.dylib in Frameworks */ = {isa = PBXBuildFile; fileRef = 099CCEAC13F9E3760039A464 /* libz.1.1.3.dylib */; };
		09ABC07213A1D52D009C3FCF /* UIKit.framework in Frameworks */ = {isa = PBXBuildFile; fileRef = 09ABC07113A1D52D009C3FCF /* UIKit.framework */; };
		09ABC07413A1D52D009C3FCF /* Foundation.framework in Frameworks */ = {isa = PBXBuildFile; fileRef = 09ABC07313A1D52D009C3FCF /* Foundation.framework */; };
		09BEF34C13D51C3F001BBCDB /* Security.framework in Frameworks */ = {isa = PBXBuildFile; fileRef = 09BEF34B13D51C3F001BBCDB /* Security.framework */; };
		0C029E93193814C000EB961B /* LeftPanelViewController.m in Sources */ = {isa = PBXBuildFile; fileRef = 0C029E92193814C000EB961B /* LeftPanelViewController.m */; };
		0C029EC51938153400EB961B /* JASidePanelController.m in Sources */ = {isa = PBXBuildFile; fileRef = 0C029EC21938153400EB961B /* JASidePanelController.m */; };
		0C029EC61938153400EB961B /* UIViewController+JASidePanel.m in Sources */ = {isa = PBXBuildFile; fileRef = 0C029EC41938153400EB961B /* UIViewController+JASidePanel.m */; };
		0C029ECD19381A9B00EB961B /* CenterPanelTableViewController.m in Sources */ = {isa = PBXBuildFile; fileRef = 0C029ECC19381A9B00EB961B /* CenterPanelTableViewController.m */; };
		0C029ED019382B8B00EB961B /* DirectoryTableViewController.m in Sources */ = {isa = PBXBuildFile; fileRef = 0C029ECF19382B8B00EB961B /* DirectoryTableViewController.m */; };
		0C029ED31938512F00EB961B /* ProgressCellTableViewCell.m in Sources */ = {isa = PBXBuildFile; fileRef = 0C029ED21938512F00EB961B /* ProgressCellTableViewCell.m */; };
		0C029ED6193860FA00EB961B /* AudioViewController.m in Sources */ = {isa = PBXBuildFile; fileRef = 0C029ED5193860FA00EB961B /* AudioViewController.m */; };
		0C029ED81938628F00EB961B /* AVFoundation.framework in Frameworks */ = {isa = PBXBuildFile; fileRef = 0C029ED71938628F00EB961B /* AVFoundation.framework */; };
		0C029EDA19389AF200EB961B /* StoreKit.framework in Frameworks */ = {isa = PBXBuildFile; fileRef = 0C029ED919389AF200EB961B /* StoreKit.framework */; };
		0C029EDC1938A1EE00EB961B /* MediaPlayer.framework in Frameworks */ = {isa = PBXBuildFile; fileRef = 0C029EDB1938A1EE00EB961B /* MediaPlayer.framework */; };
		0C0CD9C91942E9AD0086BBE2 /* backgroundLogin.png in Resources */ = {isa = PBXBuildFile; fileRef = 0C0CD9C81942E9AD0086BBE2 /* backgroundLogin.png */; };
		0C4E446A1942906A00EC4C71 /* Song.m in Sources */ = {isa = PBXBuildFile; fileRef = 0C4E44691942906A00EC4C71 /* Song.m */; };
		0CB642D81942DF2D0032D616 /* UINavigationController+rotation.m in Sources */ = {isa = PBXBuildFile; fileRef = 0CB642D71942DF2D0032D616 /* UINavigationController+rotation.m */; };
		0CE27A621935B01200C5C411 /* AudiobookPlayerAppDelegate.m in Sources */ = {isa = PBXBuildFile; fileRef = 0CE27A541935B01200C5C411 /* AudiobookPlayerAppDelegate.m */; };
		0CE27A631935B01200C5C411 /* Default-568h@2x.png in Resources */ = {isa = PBXBuildFile; fileRef = 0CE27A551935B01200C5C411 /* Default-568h@2x.png */; };
		0CE27A641935B01200C5C411 /* Default.png in Resources */ = {isa = PBXBuildFile; fileRef = 0CE27A561935B01200C5C411 /* Default.png */; };
		0CE27A651935B01200C5C411 /* Default@2x.png in Resources */ = {isa = PBXBuildFile; fileRef = 0CE27A571935B01200C5C411 /* Default@2x.png */; };
		0CE27A661935B01200C5C411 /* InfoPlist.strings in Resources */ = {isa = PBXBuildFile; fileRef = 0CE27A581935B01200C5C411 /* InfoPlist.strings */; };
		0CE27A671935B01200C5C411 /* Entitlements.plist in Resources */ = {isa = PBXBuildFile; fileRef = 0CE27A5A1935B01200C5C411 /* Entitlements.plist */; };
		0CE27A681935B01200C5C411 /* iPhoneStoryboard.storyboard in Resources */ = {isa = PBXBuildFile; fileRef = 0CE27A5B1935B01200C5C411 /* iPhoneStoryboard.storyboard */; };
		0CE27A691935B01200C5C411 /* LoginViewController.m in Sources */ = {isa = PBXBuildFile; fileRef = 0CE27A5D1935B01200C5C411 /* LoginViewController.m */; };
		0CE27A6A1935B01200C5C411 /* main.m in Sources */ = {isa = PBXBuildFile; fileRef = 0CE27A5E1935B01200C5C411 /* main.m */; };
		0CE27A6B1935B01200C5C411 /* PanelsViewController.m in Sources */ = {isa = PBXBuildFile; fileRef = 0CE27A601935B01200C5C411 /* PanelsViewController.m */; };
		0CEA204419418D1500A833D8 /* Model.xcdatamodeld in Sources */ = {isa = PBXBuildFile; fileRef = 0CEA204219418D1500A833D8 /* Model.xcdatamodeld */; };
		0CEA204B19418E7400A833D8 /* Song+Create.m in Sources */ = {isa = PBXBuildFile; fileRef = 0CEA204A19418E7400A833D8 /* Song+Create.m */; };
		0CEA204E19418ED600A833D8 /* SongDatabase.m in Sources */ = {isa = PBXBuildFile; fileRef = 0CEA204D19418ED600A833D8 /* SongDatabase.m */; };
		0CEA205319419CD000A833D8 /* CoreMedia.framework in Frameworks */ = {isa = PBXBuildFile; fileRef = 0CEA205219419CD000A833D8 /* CoreMedia.framework */; };
		0CEA205519419CEE00A833D8 /* CoreData.framework in Frameworks */ = {isa = PBXBuildFile; fileRef = 0CEA205419419CEE00A833D8 /* CoreData.framework */; };
		0CF72BE11942A02B00469DD0 /* Media.xcassets in Resources */ = {isa = PBXBuildFile; fileRef = 0CF72BE01942A02B00469DD0 /* Media.xcassets */; };
		0CF72BE71942BF1200469DD0 /* DownloadWebViewController.m in Sources */ = {isa = PBXBuildFile; fileRef = 0CF72BE61942BF1200469DD0 /* DownloadWebViewController.m */; };
		0CF72C2F1942C64000469DD0 /* LICENSE.txt in Resources */ = {isa = PBXBuildFile; fileRef = 0CF72C181942C64000469DD0 /* LICENSE.txt */; };
		0CF72C301942C64000469DD0 /* README.md in Resources */ = {isa = PBXBuildFile; fileRef = 0CF72C191942C64000469DD0 /* README.md */; };
		0CF72C311942C64000469DD0 /* SVModalWebViewController.m in Sources */ = {isa = PBXBuildFile; fileRef = 0CF72C1C1942C64000469DD0 /* SVModalWebViewController.m */; };
		0CF72C321942C64000469DD0 /* SVWebViewController.bundle in Resources */ = {isa = PBXBuildFile; fileRef = 0CF72C1D1942C64000469DD0 /* SVWebViewController.bundle */; };
		0CF72C331942C64000469DD0 /* SVWebViewController.m in Sources */ = {isa = PBXBuildFile; fileRef = 0CF72C1F1942C64000469DD0 /* SVWebViewController.m */; };
		0CF72C341942C64000469DD0 /* SVWebViewControllerActivityChrome-iPad.png in Resources */ = {isa = PBXBuildFile; fileRef = 0CF72C221942C64000469DD0 /* SVWebViewControllerActivityChrome-iPad.png */; };
		0CF72C351942C64000469DD0 /* SVWebViewControllerActivityChrome-iPad@2x.png in Resources */ = {isa = PBXBuildFile; fileRef = 0CF72C231942C64000469DD0 /* SVWebViewControllerActivityChrome-iPad@2x.png */; };
		0CF72C361942C64000469DD0 /* SVWebViewControllerActivityChrome.m in Sources */ = {isa = PBXBuildFile; fileRef = 0CF72C251942C64000469DD0 /* SVWebViewControllerActivityChrome.m */; };
		0CF72C371942C64000469DD0 /* SVWebViewControllerActivityChrome@2x.png in Resources */ = {isa = PBXBuildFile; fileRef = 0CF72C261942C64000469DD0 /* SVWebViewControllerActivityChrome@2x.png */; };
		0CF72C381942C64000469DD0 /* SVWebViewControllerActivitySafari-iPad.png in Resources */ = {isa = PBXBuildFile; fileRef = 0CF72C281942C64000469DD0 /* SVWebViewControllerActivitySafari-iPad.png */; };
		0CF72C391942C64000469DD0 /* SVWebViewControllerActivitySafari-iPad@2x.png in Resources */ = {isa = PBXBuildFile; fileRef = 0CF72C291942C64000469DD0 /* SVWebViewControllerActivitySafari-iPad@2x.png */; };
		0CF72C3A1942C64000469DD0 /* SVWebViewControllerActivitySafari.m in Sources */ = {isa = PBXBuildFile; fileRef = 0CF72C2B1942C64000469DD0 /* SVWebViewControllerActivitySafari.m */; };
		0CF72C3B1942C64000469DD0 /* SVWebViewControllerActivitySafari@2x.png in Resources */ = {isa = PBXBuildFile; fileRef = 0CF72C2C1942C64000469DD0 /* SVWebViewControllerActivitySafari@2x.png */; };
		0CF72C3C1942C64000469DD0 /* SVWebViewControllerActivity.m in Sources */ = {isa = PBXBuildFile; fileRef = 0CF72C2E1942C64000469DD0 /* SVWebViewControllerActivity.m */; };
		0CF72C421942C8F400469DD0 /* NSString+Addons.m in Sources */ = {isa = PBXBuildFile; fileRef = 0CF72C411942C8F400469DD0 /* NSString+Addons.m */; };
		2FCDD6B014A573F500295AAC /* QuartzCore.framework in Frameworks */ = {isa = PBXBuildFile; fileRef = 2FCDD6AF14A573F500295AAC /* QuartzCore.framework */; };
		5DD0FC4F489F46089224B4D9 /* libPods.a in Frameworks */ = {isa = PBXBuildFile; fileRef = ADFCB70F35384ED48E94A608 /* libPods.a */; };
		743D7B6D157DA60100084B67 /* CoreGraphics.framework in Frameworks */ = {isa = PBXBuildFile; fileRef = 743D7B6C157DA60100084B67 /* CoreGraphics.framework */; };
		DD952FCB16E7F5CF00470144 /* CoreLocation.framework in Frameworks */ = {isa = PBXBuildFile; fileRef = 97E18B1E1624CB5700B17A67 /* CoreLocation.framework */; };
/* End PBXBuildFile section */

/* Begin PBXFileReference section */
		092354B213A1D7EB00DA740F /* CFNetwork.framework */ = {isa = PBXFileReference; lastKnownFileType = wrapper.framework; name = CFNetwork.framework; path = System/Library/Frameworks/CFNetwork.framework; sourceTree = SDKROOT; };
		092354B413A1D7F000DA740F /* SystemConfiguration.framework */ = {isa = PBXFileReference; lastKnownFileType = wrapper.framework; name = SystemConfiguration.framework; path = System/Library/Frameworks/SystemConfiguration.framework; sourceTree = SDKROOT; };
		092354B613A1D83C00DA740F /* MobileCoreServices.framework */ = {isa = PBXFileReference; lastKnownFileType = wrapper.framework; name = MobileCoreServices.framework; path = System/Library/Frameworks/MobileCoreServices.framework; sourceTree = SDKROOT; };
		094AC9FF14367ACD008398F8 /* Parse.framework */ = {isa = PBXFileReference; lastKnownFileType = wrapper.framework; path = Parse.framework; sourceTree = "<group>"; };
		095ACE8513C68EA300566243 /* AudioToolbox.framework */ = {isa = PBXFileReference; lastKnownFileType = wrapper.framework; name = AudioToolbox.framework; path = System/Library/Frameworks/AudioToolbox.framework; sourceTree = SDKROOT; };
		099CCEAC13F9E3760039A464 /* libz.1.1.3.dylib */ = {isa = PBXFileReference; lastKnownFileType = "compiled.mach-o.dylib"; name = libz.1.1.3.dylib; path = usr/lib/libz.1.1.3.dylib; sourceTree = SDKROOT; };
		09ABC06D13A1D52D009C3FCF /* AudiobookPlayer.app */ = {isa = PBXFileReference; explicitFileType = wrapper.application; includeInIndex = 0; path = AudiobookPlayer.app; sourceTree = BUILT_PRODUCTS_DIR; };
		09ABC07113A1D52D009C3FCF /* UIKit.framework */ = {isa = PBXFileReference; lastKnownFileType = wrapper.framework; name = UIKit.framework; path = System/Library/Frameworks/UIKit.framework; sourceTree = SDKROOT; };
		09ABC07313A1D52D009C3FCF /* Foundation.framework */ = {isa = PBXFileReference; lastKnownFileType = wrapper.framework; name = Foundation.framework; path = System/Library/Frameworks/Foundation.framework; sourceTree = SDKROOT; };
		09BEF34B13D51C3F001BBCDB /* Security.framework */ = {isa = PBXFileReference; lastKnownFileType = wrapper.framework; name = Security.framework; path = System/Library/Frameworks/Security.framework; sourceTree = SDKROOT; };
		0C029E91193814C000EB961B /* LeftPanelViewController.h */ = {isa = PBXFileReference; fileEncoding = 4; lastKnownFileType = sourcecode.c.h; path = LeftPanelViewController.h; sourceTree = "<group>"; };
		0C029E92193814C000EB961B /* LeftPanelViewController.m */ = {isa = PBXFileReference; fileEncoding = 4; lastKnownFileType = sourcecode.c.objc; path = LeftPanelViewController.m; sourceTree = "<group>"; };
		0C029EC11938153400EB961B /* JASidePanelController.h */ = {isa = PBXFileReference; fileEncoding = 4; lastKnownFileType = sourcecode.c.h; name = JASidePanelController.h; path = JASidePanels/JASidePanels/Source/JASidePanelController.h; sourceTree = "<group>"; };
		0C029EC21938153400EB961B /* JASidePanelController.m */ = {isa = PBXFileReference; fileEncoding = 4; lastKnownFileType = sourcecode.c.objc; name = JASidePanelController.m; path = JASidePanels/JASidePanels/Source/JASidePanelController.m; sourceTree = "<group>"; };
		0C029EC31938153400EB961B /* UIViewController+JASidePanel.h */ = {isa = PBXFileReference; fileEncoding = 4; lastKnownFileType = sourcecode.c.h; name = "UIViewController+JASidePanel.h"; path = "JASidePanels/JASidePanels/Source/UIViewController+JASidePanel.h"; sourceTree = "<group>"; };
		0C029EC41938153400EB961B /* UIViewController+JASidePanel.m */ = {isa = PBXFileReference; fileEncoding = 4; lastKnownFileType = sourcecode.c.objc; name = "UIViewController+JASidePanel.m"; path = "JASidePanels/JASidePanels/Source/UIViewController+JASidePanel.m"; sourceTree = "<group>"; };
		0C029ECB19381A9B00EB961B /* CenterPanelTableViewController.h */ = {isa = PBXFileReference; fileEncoding = 4; lastKnownFileType = sourcecode.c.h; path = CenterPanelTableViewController.h; sourceTree = "<group>"; };
		0C029ECC19381A9B00EB961B /* CenterPanelTableViewController.m */ = {isa = PBXFileReference; fileEncoding = 4; lastKnownFileType = sourcecode.c.objc; path = CenterPanelTableViewController.m; sourceTree = "<group>"; };
		0C029ECE19382B8B00EB961B /* DirectoryTableViewController.h */ = {isa = PBXFileReference; fileEncoding = 4; lastKnownFileType = sourcecode.c.h; path = DirectoryTableViewController.h; sourceTree = "<group>"; };
		0C029ECF19382B8B00EB961B /* DirectoryTableViewController.m */ = {isa = PBXFileReference; fileEncoding = 4; lastKnownFileType = sourcecode.c.objc; path = DirectoryTableViewController.m; sourceTree = "<group>"; };
		0C029ED11938512F00EB961B /* ProgressCellTableViewCell.h */ = {isa = PBXFileReference; fileEncoding = 4; lastKnownFileType = sourcecode.c.h; path = ProgressCellTableViewCell.h; sourceTree = "<group>"; };
		0C029ED21938512F00EB961B /* ProgressCellTableViewCell.m */ = {isa = PBXFileReference; fileEncoding = 4; lastKnownFileType = sourcecode.c.objc; path = ProgressCellTableViewCell.m; sourceTree = "<group>"; };
		0C029ED4193860FA00EB961B /* AudioViewController.h */ = {isa = PBXFileReference; fileEncoding = 4; lastKnownFileType = sourcecode.c.h; path = AudioViewController.h; sourceTree = "<group>"; };
		0C029ED5193860FA00EB961B /* AudioViewController.m */ = {isa = PBXFileReference; fileEncoding = 4; lastKnownFileType = sourcecode.c.objc; path = AudioViewController.m; sourceTree = "<group>"; };
		0C029ED71938628F00EB961B /* AVFoundation.framework */ = {isa = PBXFileReference; lastKnownFileType = wrapper.framework; name = AVFoundation.framework; path = System/Library/Frameworks/AVFoundation.framework; sourceTree = SDKROOT; };
		0C029ED919389AF200EB961B /* StoreKit.framework */ = {isa = PBXFileReference; lastKnownFileType = wrapper.framework; name = StoreKit.framework; path = System/Library/Frameworks/StoreKit.framework; sourceTree = SDKROOT; };
		0C029EDB1938A1EE00EB961B /* MediaPlayer.framework */ = {isa = PBXFileReference; lastKnownFileType = wrapper.framework; name = MediaPlayer.framework; path = System/Library/Frameworks/MediaPlayer.framework; sourceTree = SDKROOT; };
		0C0CD9C81942E9AD0086BBE2 /* backgroundLogin.png */ = {isa = PBXFileReference; lastKnownFileType = image.png; path = backgroundLogin.png; sourceTree = "<group>"; };
		0C4E44681942906A00EC4C71 /* Song.h */ = {isa = PBXFileReference; fileEncoding = 4; lastKnownFileType = sourcecode.c.h; path = Song.h; sourceTree = "<group>"; };
		0C4E44691942906A00EC4C71 /* Song.m */ = {isa = PBXFileReference; fileEncoding = 4; lastKnownFileType = sourcecode.c.objc; path = Song.m; sourceTree = "<group>"; };
		0CB642D61942DF2D0032D616 /* UINavigationController+rotation.h */ = {isa = PBXFileReference; fileEncoding = 4; lastKnownFileType = sourcecode.c.h; path = "UINavigationController+rotation.h"; sourceTree = "<group>"; };
		0CB642D71942DF2D0032D616 /* UINavigationController+rotation.m */ = {isa = PBXFileReference; fileEncoding = 4; lastKnownFileType = sourcecode.c.objc; path = "UINavigationController+rotation.m"; sourceTree = "<group>"; };
		0CE27A511935B01200C5C411 /* AudiobookPlayer-Info.plist */ = {isa = PBXFileReference; fileEncoding = 4; lastKnownFileType = text.plist.xml; path = "AudiobookPlayer-Info.plist"; sourceTree = "<group>"; };
		0CE27A521935B01200C5C411 /* AudiobookPlayer-Prefix.pch */ = {isa = PBXFileReference; fileEncoding = 4; lastKnownFileType = sourcecode.c.h; path = "AudiobookPlayer-Prefix.pch"; sourceTree = "<group>"; };
		0CE27A531935B01200C5C411 /* AudiobookPlayerAppDelegate.h */ = {isa = PBXFileReference; fileEncoding = 4; lastKnownFileType = sourcecode.c.h; path = AudiobookPlayerAppDelegate.h; sourceTree = "<group>"; };
		0CE27A541935B01200C5C411 /* AudiobookPlayerAppDelegate.m */ = {isa = PBXFileReference; fileEncoding = 4; lastKnownFileType = sourcecode.c.objc; path = AudiobookPlayerAppDelegate.m; sourceTree = "<group>"; };
		0CE27A551935B01200C5C411 /* Default-568h@2x.png */ = {isa = PBXFileReference; lastKnownFileType = image.png; path = "Default-568h@2x.png"; sourceTree = "<group>"; };
		0CE27A561935B01200C5C411 /* Default.png */ = {isa = PBXFileReference; lastKnownFileType = image.png; path = Default.png; sourceTree = "<group>"; };
		0CE27A571935B01200C5C411 /* Default@2x.png */ = {isa = PBXFileReference; lastKnownFileType = image.png; path = "Default@2x.png"; sourceTree = "<group>"; };
		0CE27A591935B01200C5C411 /* en */ = {isa = PBXFileReference; lastKnownFileType = text.plist.strings; name = en; path = en.lproj/InfoPlist.strings; sourceTree = "<group>"; };
		0CE27A5A1935B01200C5C411 /* Entitlements.plist */ = {isa = PBXFileReference; fileEncoding = 4; lastKnownFileType = text.plist.xml; path = Entitlements.plist; sourceTree = "<group>"; };
		0CE27A5B1935B01200C5C411 /* iPhoneStoryboard.storyboard */ = {isa = PBXFileReference; fileEncoding = 4; lastKnownFileType = file.storyboard; path = iPhoneStoryboard.storyboard; sourceTree = "<group>"; };
		0CE27A5C1935B01200C5C411 /* LoginViewController.h */ = {isa = PBXFileReference; fileEncoding = 4; lastKnownFileType = sourcecode.c.h; path = LoginViewController.h; sourceTree = "<group>"; };
		0CE27A5D1935B01200C5C411 /* LoginViewController.m */ = {isa = PBXFileReference; fileEncoding = 4; lastKnownFileType = sourcecode.c.objc; path = LoginViewController.m; sourceTree = "<group>"; };
		0CE27A5E1935B01200C5C411 /* main.m */ = {isa = PBXFileReference; fileEncoding = 4; lastKnownFileType = sourcecode.c.objc; path = main.m; sourceTree = "<group>"; };
		0CE27A5F1935B01200C5C411 /* PanelsViewController.h */ = {isa = PBXFileReference; fileEncoding = 4; lastKnownFileType = sourcecode.c.h; path = PanelsViewController.h; sourceTree = "<group>"; };
		0CE27A601935B01200C5C411 /* PanelsViewController.m */ = {isa = PBXFileReference; fileEncoding = 4; lastKnownFileType = sourcecode.c.objc; path = PanelsViewController.m; sourceTree = "<group>"; };
		0CEA204319418D1500A833D8 /* Model.xcdatamodel */ = {isa = PBXFileReference; lastKnownFileType = wrapper.xcdatamodel; path = Model.xcdatamodel; sourceTree = "<group>"; };
		0CEA204919418E7400A833D8 /* Song+Create.h */ = {isa = PBXFileReference; fileEncoding = 4; lastKnownFileType = sourcecode.c.h; path = "Song+Create.h"; sourceTree = "<group>"; };
		0CEA204A19418E7400A833D8 /* Song+Create.m */ = {isa = PBXFileReference; fileEncoding = 4; lastKnownFileType = sourcecode.c.objc; path = "Song+Create.m"; sourceTree = "<group>"; };
		0CEA204C19418ED600A833D8 /* SongDatabase.h */ = {isa = PBXFileReference; fileEncoding = 4; lastKnownFileType = sourcecode.c.h; path = SongDatabase.h; sourceTree = "<group>"; };
		0CEA204D19418ED600A833D8 /* SongDatabase.m */ = {isa = PBXFileReference; fileEncoding = 4; lastKnownFileType = sourcecode.c.objc; path = SongDatabase.m; sourceTree = "<group>"; };
		0CEA205219419CD000A833D8 /* CoreMedia.framework */ = {isa = PBXFileReference; lastKnownFileType = wrapper.framework; name = CoreMedia.framework; path = System/Library/Frameworks/CoreMedia.framework; sourceTree = SDKROOT; };
		0CEA205419419CEE00A833D8 /* CoreData.framework */ = {isa = PBXFileReference; lastKnownFileType = wrapper.framework; name = CoreData.framework; path = System/Library/Frameworks/CoreData.framework; sourceTree = SDKROOT; };
		0CF72BE01942A02B00469DD0 /* Media.xcassets */ = {isa = PBXFileReference; lastKnownFileType = folder.assetcatalog; path = Media.xcassets; sourceTree = "<group>"; };
		0CF72BE51942BF1200469DD0 /* DownloadWebViewController.h */ = {isa = PBXFileReference; fileEncoding = 4; lastKnownFileType = sourcecode.c.h; path = DownloadWebViewController.h; sourceTree = "<group>"; };
		0CF72BE61942BF1200469DD0 /* DownloadWebViewController.m */ = {isa = PBXFileReference; fileEncoding = 4; lastKnownFileType = sourcecode.c.objc; path = DownloadWebViewController.m; sourceTree = "<group>"; };
		0CF72C181942C64000469DD0 /* LICENSE.txt */ = {isa = PBXFileReference; fileEncoding = 4; lastKnownFileType = text; path = LICENSE.txt; sourceTree = "<group>"; };
		0CF72C191942C64000469DD0 /* README.md */ = {isa = PBXFileReference; fileEncoding = 4; lastKnownFileType = text; path = README.md; sourceTree = "<group>"; };
		0CF72C1B1942C64000469DD0 /* SVModalWebViewController.h */ = {isa = PBXFileReference; fileEncoding = 4; lastKnownFileType = sourcecode.c.h; path = SVModalWebViewController.h; sourceTree = "<group>"; };
		0CF72C1C1942C64000469DD0 /* SVModalWebViewController.m */ = {isa = PBXFileReference; fileEncoding = 4; lastKnownFileType = sourcecode.c.objc; path = SVModalWebViewController.m; sourceTree = "<group>"; };
		0CF72C1D1942C64000469DD0 /* SVWebViewController.bundle */ = {isa = PBXFileReference; lastKnownFileType = "wrapper.plug-in"; path = SVWebViewController.bundle; sourceTree = "<group>"; };
		0CF72C1E1942C64000469DD0 /* SVWebViewController.h */ = {isa = PBXFileReference; fileEncoding = 4; lastKnownFileType = sourcecode.c.h; path = SVWebViewController.h; sourceTree = "<group>"; };
		0CF72C1F1942C64000469DD0 /* SVWebViewController.m */ = {isa = PBXFileReference; fileEncoding = 4; lastKnownFileType = sourcecode.c.objc; path = SVWebViewController.m; sourceTree = "<group>"; };
		0CF72C221942C64000469DD0 /* SVWebViewControllerActivityChrome-iPad.png */ = {isa = PBXFileReference; lastKnownFileType = image.png; path = "SVWebViewControllerActivityChrome-iPad.png"; sourceTree = "<group>"; };
		0CF72C231942C64000469DD0 /* SVWebViewControllerActivityChrome-iPad@2x.png */ = {isa = PBXFileReference; lastKnownFileType = image.png; path = "SVWebViewControllerActivityChrome-iPad@2x.png"; sourceTree = "<group>"; };
		0CF72C241942C64000469DD0 /* SVWebViewControllerActivityChrome.h */ = {isa = PBXFileReference; fileEncoding = 4; lastKnownFileType = sourcecode.c.h; path = SVWebViewControllerActivityChrome.h; sourceTree = "<group>"; };
		0CF72C251942C64000469DD0 /* SVWebViewControllerActivityChrome.m */ = {isa = PBXFileReference; fileEncoding = 4; lastKnownFileType = sourcecode.c.objc; path = SVWebViewControllerActivityChrome.m; sourceTree = "<group>"; };
		0CF72C261942C64000469DD0 /* SVWebViewControllerActivityChrome@2x.png */ = {isa = PBXFileReference; lastKnownFileType = image.png; path = "SVWebViewControllerActivityChrome@2x.png"; sourceTree = "<group>"; };
		0CF72C281942C64000469DD0 /* SVWebViewControllerActivitySafari-iPad.png */ = {isa = PBXFileReference; lastKnownFileType = image.png; path = "SVWebViewControllerActivitySafari-iPad.png"; sourceTree = "<group>"; };
		0CF72C291942C64000469DD0 /* SVWebViewControllerActivitySafari-iPad@2x.png */ = {isa = PBXFileReference; lastKnownFileType = image.png; path = "SVWebViewControllerActivitySafari-iPad@2x.png"; sourceTree = "<group>"; };
		0CF72C2A1942C64000469DD0 /* SVWebViewControllerActivitySafari.h */ = {isa = PBXFileReference; fileEncoding = 4; lastKnownFileType = sourcecode.c.h; path = SVWebViewControllerActivitySafari.h; sourceTree = "<group>"; };
		0CF72C2B1942C64000469DD0 /* SVWebViewControllerActivitySafari.m */ = {isa = PBXFileReference; fileEncoding = 4; lastKnownFileType = sourcecode.c.objc; path = SVWebViewControllerActivitySafari.m; sourceTree = "<group>"; };
		0CF72C2C1942C64000469DD0 /* SVWebViewControllerActivitySafari@2x.png */ = {isa = PBXFileReference; lastKnownFileType = image.png; path = "SVWebViewControllerActivitySafari@2x.png"; sourceTree = "<group>"; };
		0CF72C2D1942C64000469DD0 /* SVWebViewControllerActivity.h */ = {isa = PBXFileReference; fileEncoding = 4; lastKnownFileType = sourcecode.c.h; path = SVWebViewControllerActivity.h; sourceTree = "<group>"; };
		0CF72C2E1942C64000469DD0 /* SVWebViewControllerActivity.m */ = {isa = PBXFileReference; fileEncoding = 4; lastKnownFileType = sourcecode.c.objc; path = SVWebViewControllerActivity.m; sourceTree = "<group>"; };
		0CF72C401942C8F400469DD0 /* NSString+Addons.h */ = {isa = PBXFileReference; fileEncoding = 4; lastKnownFileType = sourcecode.c.h; path = "NSString+Addons.h"; sourceTree = "<group>"; };
		0CF72C411942C8F400469DD0 /* NSString+Addons.m */ = {isa = PBXFileReference; fileEncoding = 4; lastKnownFileType = sourcecode.c.objc; path = "NSString+Addons.m"; sourceTree = "<group>"; };
		164177ABC0BF41C6946CDFA7 /* Pods.xcconfig */ = {isa = PBXFileReference; includeInIndex = 1; lastKnownFileType = text.xcconfig; name = Pods.xcconfig; path = Pods/Pods.xcconfig; sourceTree = "<group>"; };
		2FCDD6AF14A573F500295AAC /* QuartzCore.framework */ = {isa = PBXFileReference; lastKnownFileType = wrapper.framework; name = QuartzCore.framework; path = System/Library/Frameworks/QuartzCore.framework; sourceTree = SDKROOT; };
		6332375315E438E900AE2736 /* libsqlite3.dylib */ = {isa = PBXFileReference; lastKnownFileType = "compiled.mach-o.dylib"; name = libsqlite3.dylib; path = usr/lib/libsqlite3.dylib; sourceTree = SDKROOT; };
		6372FF521613CC3C002132AF /* Accounts.framework */ = {isa = PBXFileReference; lastKnownFileType = wrapper.framework; name = Accounts.framework; path = System/Library/Frameworks/Accounts.framework; sourceTree = SDKROOT; };
		6372FF551613CC42002132AF /* Social.framework */ = {isa = PBXFileReference; lastKnownFileType = wrapper.framework; name = Social.framework; path = System/Library/Frameworks/Social.framework; sourceTree = SDKROOT; };
		6372FF571613CC47002132AF /* AdSupport.framework */ = {isa = PBXFileReference; lastKnownFileType = wrapper.framework; name = AdSupport.framework; path = System/Library/Frameworks/AdSupport.framework; sourceTree = SDKROOT; };
		743D7B6C157DA60100084B67 /* CoreGraphics.framework */ = {isa = PBXFileReference; lastKnownFileType = wrapper.framework; name = CoreGraphics.framework; path = System/Library/Frameworks/CoreGraphics.framework; sourceTree = SDKROOT; };
		97E18B1E1624CB5700B17A67 /* CoreLocation.framework */ = {isa = PBXFileReference; lastKnownFileType = wrapper.framework; name = CoreLocation.framework; path = System/Library/Frameworks/CoreLocation.framework; sourceTree = SDKROOT; };
		ADFCB70F35384ED48E94A608 /* libPods.a */ = {isa = PBXFileReference; explicitFileType = archive.ar; includeInIndex = 0; path = libPods.a; sourceTree = BUILT_PRODUCTS_DIR; };
/* End PBXFileReference section */

/* Begin PBXFrameworksBuildPhase section */
		09ABC06A13A1D52D009C3FCF /* Frameworks */ = {
			isa = PBXFrameworksBuildPhase;
			buildActionMask = 2147483647;
			files = (
				0CEA205519419CEE00A833D8 /* CoreData.framework in Frameworks */,
				0CEA205319419CD000A833D8 /* CoreMedia.framework in Frameworks */,
				0C029EDC1938A1EE00EB961B /* MediaPlayer.framework in Frameworks */,
				0C029ED81938628F00EB961B /* AVFoundation.framework in Frameworks */,
				DD952FCB16E7F5CF00470144 /* CoreLocation.framework in Frameworks */,
				743D7B6D157DA60100084B67 /* CoreGraphics.framework in Frameworks */,
				2FCDD6B014A573F500295AAC /* QuartzCore.framework in Frameworks */,
				099CCEAD13F9E3760039A464 /* libz.1.1.3.dylib in Frameworks */,
				09BEF34C13D51C3F001BBCDB /* Security.framework in Frameworks */,
				095ACE8613C68EA300566243 /* AudioToolbox.framework in Frameworks */,
				092354B713A1D83C00DA740F /* MobileCoreServices.framework in Frameworks */,
				092354B513A1D7F000DA740F /* SystemConfiguration.framework in Frameworks */,
				092354B313A1D7EB00DA740F /* CFNetwork.framework in Frameworks */,
				09ABC07213A1D52D009C3FCF /* UIKit.framework in Frameworks */,
				09ABC07413A1D52D009C3FCF /* Foundation.framework in Frameworks */,
				0C029EDA19389AF200EB961B /* StoreKit.framework in Frameworks */,
				094ACA0014367ACD008398F8 /* Parse.framework in Frameworks */,
				5DD0FC4F489F46089224B4D9 /* libPods.a in Frameworks */,
			);
			runOnlyForDeploymentPostprocessing = 0;
		};
/* End PBXFrameworksBuildPhase section */

/* Begin PBXGroup section */
		09ABC06213A1D52D009C3FCF = {
			isa = PBXGroup;
			children = (
				0CE27A501935B01200C5C411 /* AudiobookPlayer */,
				09ABC07013A1D52D009C3FCF /* Frameworks */,
				09ABC06E13A1D52D009C3FCF /* Products */,
				164177ABC0BF41C6946CDFA7 /* Pods.xcconfig */,
			);
			sourceTree = "<group>";
		};
		09ABC06E13A1D52D009C3FCF /* Products */ = {
			isa = PBXGroup;
			children = (
				09ABC06D13A1D52D009C3FCF /* AudiobookPlayer.app */,
			);
			name = Products;
			sourceTree = "<group>";
		};
		09ABC07013A1D52D009C3FCF /* Frameworks */ = {
			isa = PBXGroup;
			children = (
				0CEA205419419CEE00A833D8 /* CoreData.framework */,
				0CEA205219419CD000A833D8 /* CoreMedia.framework */,
				0C029EDB1938A1EE00EB961B /* MediaPlayer.framework */,
				0C029ED919389AF200EB961B /* StoreKit.framework */,
				0C029ED71938628F00EB961B /* AVFoundation.framework */,
				6372FF571613CC47002132AF /* AdSupport.framework */,
				6372FF551613CC42002132AF /* Social.framework */,
				6372FF521613CC3C002132AF /* Accounts.framework */,
				095ACE8513C68EA300566243 /* AudioToolbox.framework */,
				092354B213A1D7EB00DA740F /* CFNetwork.framework */,
				743D7B6C157DA60100084B67 /* CoreGraphics.framework */,
				97E18B1E1624CB5700B17A67 /* CoreLocation.framework */,
				09ABC07313A1D52D009C3FCF /* Foundation.framework */,
				6332375315E438E900AE2736 /* libsqlite3.dylib */,
				099CCEAC13F9E3760039A464 /* libz.1.1.3.dylib */,
				092354B613A1D83C00DA740F /* MobileCoreServices.framework */,
				094AC9FF14367ACD008398F8 /* Parse.framework */,
				2FCDD6AF14A573F500295AAC /* QuartzCore.framework */,
				09BEF34B13D51C3F001BBCDB /* Security.framework */,
				092354B413A1D7F000DA740F /* SystemConfiguration.framework */,
				09ABC07113A1D52D009C3FCF /* UIKit.framework */,
				ADFCB70F35384ED48E94A608 /* libPods.a */,
			);
			name = Frameworks;
			sourceTree = "<group>";
		};
		0C029EC71938153700EB961B /* JASidePanelController */ = {
			isa = PBXGroup;
			children = (
				0C029EC11938153400EB961B /* JASidePanelController.h */,
				0C029EC21938153400EB961B /* JASidePanelController.m */,
				0C029EC31938153400EB961B /* UIViewController+JASidePanel.h */,
				0C029EC41938153400EB961B /* UIViewController+JASidePanel.m */,
			);
			name = JASidePanelController;
			path = ..;
			sourceTree = "<group>";
		};
		0C4191321943C3B200AF020D /* Categories */ = {
			isa = PBXGroup;
			children = (
				0CF72C401942C8F400469DD0 /* NSString+Addons.h */,
				0CF72C411942C8F400469DD0 /* NSString+Addons.m */,
				0CB642D61942DF2D0032D616 /* UINavigationController+rotation.h */,
				0CB642D71942DF2D0032D616 /* UINavigationController+rotation.m */,
			);
			name = Categories;
			sourceTree = "<group>";
		};
		0C4191331943C3CD00AF020D /* Assets */ = {
			isa = PBXGroup;
			children = (
				0C0CD9C81942E9AD0086BBE2 /* backgroundLogin.png */,
				0CF72BE01942A02B00469DD0 /* Media.xcassets */,
			);
			name = Assets;
			sourceTree = "<group>";
		};
		0C4191341943C3DE00AF020D /* Panels */ = {
			isa = PBXGroup;
			children = (
				0C029E91193814C000EB961B /* LeftPanelViewController.h */,
				0C029E92193814C000EB961B /* LeftPanelViewController.m */,
				0C029ECB19381A9B00EB961B /* CenterPanelTableViewController.h */,
				0C029ECC19381A9B00EB961B /* CenterPanelTableViewController.m */,
				0CE27A5F1935B01200C5C411 /* PanelsViewController.h */,
				0CE27A601935B01200C5C411 /* PanelsViewController.m */,
				0C029EC71938153700EB961B /* JASidePanelController */,
			);
			name = Panels;
			sourceTree = "<group>";
		};
		0CE27A501935B01200C5C411 /* AudiobookPlayer */ = {
			isa = PBXGroup;
			children = (
				0CE27A5B1935B01200C5C411 /* iPhoneStoryboard.storyboard */,
				0C029ED4193860FA00EB961B /* AudioViewController.h */,
				0C029ED5193860FA00EB961B /* AudioViewController.m */,
				0C029ED11938512F00EB961B /* ProgressCellTableViewCell.h */,
				0C029ED21938512F00EB961B /* ProgressCellTableViewCell.m */,
				0C029ECE19382B8B00EB961B /* DirectoryTableViewController.h */,
				0C029ECF19382B8B00EB961B /* DirectoryTableViewController.m */,
				0CE27A5C1935B01200C5C411 /* LoginViewController.h */,
				0CE27A5D1935B01200C5C411 /* LoginViewController.m */,
				0CF72BE51942BF1200469DD0 /* DownloadWebViewController.h */,
				0CF72BE61942BF1200469DD0 /* DownloadWebViewController.m */,
				0CE27A531935B01200C5C411 /* AudiobookPlayerAppDelegate.h */,
				0CE27A541935B01200C5C411 /* AudiobookPlayerAppDelegate.m */,
				0C4191341943C3DE00AF020D /* Panels */,
				0C4191321943C3B200AF020D /* Categories */,
				0C4191331943C3CD00AF020D /* Assets */,
				0CEA204819418E5400A833D8 /* Core Data */,
				0CE27A6C1935BF0600C5C411 /* Supporting Files */,
				0CF72C171942C64000469DD0 /* SVWebViewController */,
			);
			path = AudiobookPlayer;
			sourceTree = "<group>";
		};
		0CE27A6C1935BF0600C5C411 /* Supporting Files */ = {
			isa = PBXGroup;
			children = (
				0CE27A511935B01200C5C411 /* AudiobookPlayer-Info.plist */,
				0CE27A521935B01200C5C411 /* AudiobookPlayer-Prefix.pch */,
				0CE27A551935B01200C5C411 /* Default-568h@2x.png */,
				0CE27A561935B01200C5C411 /* Default.png */,
				0CE27A571935B01200C5C411 /* Default@2x.png */,
				0CE27A581935B01200C5C411 /* InfoPlist.strings */,
				0CE27A5A1935B01200C5C411 /* Entitlements.plist */,
				0CE27A5E1935B01200C5C411 /* main.m */,
			);
			name = "Supporting Files";
			sourceTree = "<group>";
		};
		0CEA204819418E5400A833D8 /* Core Data */ = {
			isa = PBXGroup;
			children = (
				0C4E44681942906A00EC4C71 /* Song.h */,
				0C4E44691942906A00EC4C71 /* Song.m */,
				0CEA204219418D1500A833D8 /* Model.xcdatamodeld */,
				0CEA204C19418ED600A833D8 /* SongDatabase.h */,
				0CEA204D19418ED600A833D8 /* SongDatabase.m */,
				0CEA204919418E7400A833D8 /* Song+Create.h */,
				0CEA204A19418E7400A833D8 /* Song+Create.m */,
			);
			name = "Core Data";
			sourceTree = "<group>";
		};
		0CF72C171942C64000469DD0 /* SVWebViewController */ = {
			isa = PBXGroup;
			children = (
				0CF72C181942C64000469DD0 /* LICENSE.txt */,
				0CF72C191942C64000469DD0 /* README.md */,
				0CF72C1A1942C64000469DD0 /* SVWebViewController */,
			);
			path = SVWebViewController;
			sourceTree = "<group>";
		};
		0CF72C1A1942C64000469DD0 /* SVWebViewController */ = {
			isa = PBXGroup;
			children = (
				0CF72C1B1942C64000469DD0 /* SVModalWebViewController.h */,
				0CF72C1C1942C64000469DD0 /* SVModalWebViewController.m */,
				0CF72C1D1942C64000469DD0 /* SVWebViewController.bundle */,
				0CF72C1E1942C64000469DD0 /* SVWebViewController.h */,
				0CF72C1F1942C64000469DD0 /* SVWebViewController.m */,
				0CF72C201942C64000469DD0 /* UIActivities */,
			);
			path = SVWebViewController;
			sourceTree = "<group>";
		};
		0CF72C201942C64000469DD0 /* UIActivities */ = {
			isa = PBXGroup;
			children = (
				0CF72C211942C64000469DD0 /* Chrome */,
				0CF72C271942C64000469DD0 /* Safari */,
				0CF72C2D1942C64000469DD0 /* SVWebViewControllerActivity.h */,
				0CF72C2E1942C64000469DD0 /* SVWebViewControllerActivity.m */,
			);
			path = UIActivities;
			sourceTree = "<group>";
		};
		0CF72C211942C64000469DD0 /* Chrome */ = {
			isa = PBXGroup;
			children = (
				0CF72C221942C64000469DD0 /* SVWebViewControllerActivityChrome-iPad.png */,
				0CF72C231942C64000469DD0 /* SVWebViewControllerActivityChrome-iPad@2x.png */,
				0CF72C241942C64000469DD0 /* SVWebViewControllerActivityChrome.h */,
				0CF72C251942C64000469DD0 /* SVWebViewControllerActivityChrome.m */,
				0CF72C261942C64000469DD0 /* SVWebViewControllerActivityChrome@2x.png */,
			);
			path = Chrome;
			sourceTree = "<group>";
		};
		0CF72C271942C64000469DD0 /* Safari */ = {
			isa = PBXGroup;
			children = (
				0CF72C281942C64000469DD0 /* SVWebViewControllerActivitySafari-iPad.png */,
				0CF72C291942C64000469DD0 /* SVWebViewControllerActivitySafari-iPad@2x.png */,
				0CF72C2A1942C64000469DD0 /* SVWebViewControllerActivitySafari.h */,
				0CF72C2B1942C64000469DD0 /* SVWebViewControllerActivitySafari.m */,
				0CF72C2C1942C64000469DD0 /* SVWebViewControllerActivitySafari@2x.png */,
			);
			path = Safari;
			sourceTree = "<group>";
		};
/* End PBXGroup section */

/* Begin PBXNativeTarget section */
		09ABC06C13A1D52D009C3FCF /* AudiobookPlayer */ = {
			isa = PBXNativeTarget;
			buildConfigurationList = 09ABC08E13A1D52E009C3FCF /* Build configuration list for PBXNativeTarget "AudiobookPlayer" */;
			buildPhases = (
				2A3E1FBC7D7F4ACEA172A8A0 /* Check Pods Manifest.lock */,
				09ABC06913A1D52D009C3FCF /* Sources */,
				09ABC06A13A1D52D009C3FCF /* Frameworks */,
				09ABC06B13A1D52D009C3FCF /* Resources */,
				0CCFCB6FBDC14D95ABAE9591 /* Copy Pods Resources */,
			);
			buildRules = (
			);
			dependencies = (
			);
			name = AudiobookPlayer;
			productName = ParseStarterProject;
			productReference = 09ABC06D13A1D52D009C3FCF /* AudiobookPlayer.app */;
			productType = "com.apple.product-type.application";
		};
/* End PBXNativeTarget section */

/* Begin PBXProject section */
		09ABC06413A1D52D009C3FCF /* Project object */ = {
			isa = PBXProject;
			attributes = {
				LastUpgradeCheck = 0510;
				TargetAttributes = {
					09ABC06C13A1D52D009C3FCF = {
						DevelopmentTeam = UWJA5A8GH3;
						SystemCapabilities = {
							com.apple.InAppPurchase = {
								enabled = 1;
							};
						};
					};
				};
			};
			buildConfigurationList = 09ABC06713A1D52D009C3FCF /* Build configuration list for PBXProject "AudiobookPlayer" */;
			compatibilityVersion = "Xcode 3.2";
			developmentRegion = English;
			hasScannedForEncodings = 0;
			knownRegions = (
				en,
			);
			mainGroup = 09ABC06213A1D52D009C3FCF;
			productRefGroup = 09ABC06E13A1D52D009C3FCF /* Products */;
			projectDirPath = "";
			projectRoot = "";
			targets = (
				09ABC06C13A1D52D009C3FCF /* AudiobookPlayer */,
			);
		};
/* End PBXProject section */

/* Begin PBXResourcesBuildPhase section */
		09ABC06B13A1D52D009C3FCF /* Resources */ = {
			isa = PBXResourcesBuildPhase;
			buildActionMask = 2147483647;
			files = (
				0CE27A671935B01200C5C411 /* Entitlements.plist in Resources */,
				0CE27A651935B01200C5C411 /* Default@2x.png in Resources */,
				0CF72C301942C64000469DD0 /* README.md in Resources */,
				0CF72C351942C64000469DD0 /* SVWebViewControllerActivityChrome-iPad@2x.png in Resources */,
				0CF72C3B1942C64000469DD0 /* SVWebViewControllerActivitySafari@2x.png in Resources */,
				0CF72BE11942A02B00469DD0 /* Media.xcassets in Resources */,
				0CF72C2F1942C64000469DD0 /* LICENSE.txt in Resources */,
				0C0CD9C91942E9AD0086BBE2 /* backgroundLogin.png in Resources */,
				0CE27A681935B01200C5C411 /* iPhoneStoryboard.storyboard in Resources */,
				0CE27A641935B01200C5C411 /* Default.png in Resources */,
				0CE27A631935B01200C5C411 /* Default-568h@2x.png in Resources */,
				0CF72C341942C64000469DD0 /* SVWebViewControllerActivityChrome-iPad.png in Resources */,
				0CF72C381942C64000469DD0 /* SVWebViewControllerActivitySafari-iPad.png in Resources */,
				0CE27A661935B01200C5C411 /* InfoPlist.strings in Resources */,
				0CF72C371942C64000469DD0 /* SVWebViewControllerActivityChrome@2x.png in Resources */,
				0CF72C391942C64000469DD0 /* SVWebViewControllerActivitySafari-iPad@2x.png in Resources */,
				0CF72C321942C64000469DD0 /* SVWebViewController.bundle in Resources */,
			);
			runOnlyForDeploymentPostprocessing = 0;
		};
/* End PBXResourcesBuildPhase section */

/* Begin PBXShellScriptBuildPhase section */
		0CCFCB6FBDC14D95ABAE9591 /* Copy Pods Resources */ = {
			isa = PBXShellScriptBuildPhase;
			buildActionMask = 2147483647;
			files = (
			);
			inputPaths = (
			);
			name = "Copy Pods Resources";
			outputPaths = (
			);
			runOnlyForDeploymentPostprocessing = 0;
			shellPath = /bin/sh;
			shellScript = "\"${SRCROOT}/Pods/Pods-resources.sh\"\n";
			showEnvVarsInLog = 0;
		};
		2A3E1FBC7D7F4ACEA172A8A0 /* Check Pods Manifest.lock */ = {
			isa = PBXShellScriptBuildPhase;
			buildActionMask = 2147483647;
			files = (
			);
			inputPaths = (
			);
			name = "Check Pods Manifest.lock";
			outputPaths = (
			);
			runOnlyForDeploymentPostprocessing = 0;
			shellPath = /bin/sh;
			shellScript = "diff \"${PODS_ROOT}/../Podfile.lock\" \"${PODS_ROOT}/Manifest.lock\" > /dev/null\nif [[ $? != 0 ]] ; then\n    cat << EOM\nerror: The sandbox is not in sync with the Podfile.lock. Run 'pod install' or update your CocoaPods installation.\nEOM\n    exit 1\nfi\n";
			showEnvVarsInLog = 0;
		};
/* End PBXShellScriptBuildPhase section */

/* Begin PBXSourcesBuildPhase section */
		09ABC06913A1D52D009C3FCF /* Sources */ = {
			isa = PBXSourcesBuildPhase;
			buildActionMask = 2147483647;
			files = (
				0C4E446A1942906A00EC4C71 /* Song.m in Sources */,
				0CE27A691935B01200C5C411 /* LoginViewController.m in Sources */,
				0CEA204E19418ED600A833D8 /* SongDatabase.m in Sources */,
				0CE27A6A1935B01200C5C411 /* main.m in Sources */,
				0CF72C361942C64000469DD0 /* SVWebViewControllerActivityChrome.m in Sources */,
				0C029EC51938153400EB961B /* JASidePanelController.m in Sources */,
				0C029ED31938512F00EB961B /* ProgressCellTableViewCell.m in Sources */,
				0CE27A621935B01200C5C411 /* AudiobookPlayerAppDelegate.m in Sources */,
				0CF72C3C1942C64000469DD0 /* SVWebViewControllerActivity.m in Sources */,
				0CE27A6B1935B01200C5C411 /* PanelsViewController.m in Sources */,
				0CF72C421942C8F400469DD0 /* NSString+Addons.m in Sources */,
				0C029ED019382B8B00EB961B /* DirectoryTableViewController.m in Sources */,
				0CF72C311942C64000469DD0 /* SVModalWebViewController.m in Sources */,
				0C029E93193814C000EB961B /* LeftPanelViewController.m in Sources */,
				0CB642D81942DF2D0032D616 /* UINavigationController+rotation.m in Sources */,
				0C029ECD19381A9B00EB961B /* CenterPanelTableViewController.m in Sources */,
				0CF72BE71942BF1200469DD0 /* DownloadWebViewController.m in Sources */,
				0C029ED6193860FA00EB961B /* AudioViewController.m in Sources */,
				0CF72C3A1942C64000469DD0 /* SVWebViewControllerActivitySafari.m in Sources */,
				0C029EC61938153400EB961B /* UIViewController+JASidePanel.m in Sources */,
				0CEA204B19418E7400A833D8 /* Song+Create.m in Sources */,
				0CF72C331942C64000469DD0 /* SVWebViewController.m in Sources */,
				0CEA204419418D1500A833D8 /* Model.xcdatamodeld in Sources */,
			);
			runOnlyForDeploymentPostprocessing = 0;
		};
/* End PBXSourcesBuildPhase section */

/* Begin PBXVariantGroup section */
		0CE27A581935B01200C5C411 /* InfoPlist.strings */ = {
			isa = PBXVariantGroup;
			children = (
				0CE27A591935B01200C5C411 /* en */,
			);
			name = InfoPlist.strings;
			sourceTree = "<group>";
		};
/* End PBXVariantGroup section */

/* Begin XCBuildConfiguration section */
		09ABC08C13A1D52E009C3FCF /* Debug */ = {
			isa = XCBuildConfiguration;
			buildSettings = {
				CLANG_WARN_BOOL_CONVERSION = YES;
				CLANG_WARN_CONSTANT_CONVERSION = YES;
				CLANG_WARN_EMPTY_BODY = YES;
				CLANG_WARN_ENUM_CONVERSION = YES;
				CLANG_WARN_INT_CONVERSION = YES;
				CLANG_WARN__DUPLICATE_METHOD_MATCH = YES;
				CODE_SIGN_IDENTITY = "";
				"CODE_SIGN_IDENTITY[sdk=iphoneos*]" = "";
				GCC_C_LANGUAGE_STANDARD = gnu99;
				GCC_OPTIMIZATION_LEVEL = 0;
				GCC_PREPROCESSOR_DEFINITIONS = DEBUG;
				GCC_SYMBOLS_PRIVATE_EXTERN = NO;
				GCC_VERSION = "";
				GCC_WARN_64_TO_32_BIT_CONVERSION = YES;
				GCC_WARN_ABOUT_RETURN_TYPE = YES;
				GCC_WARN_UNDECLARED_SELECTOR = YES;
				GCC_WARN_UNINITIALIZED_AUTOS = YES;
				GCC_WARN_UNUSED_FUNCTION = YES;
				GCC_WARN_UNUSED_VARIABLE = YES;
				IPHONEOS_DEPLOYMENT_TARGET = 7.0;
				ONLY_ACTIVE_ARCH = YES;
				PROVISIONING_PROFILE = "AF724591-6F38-41BD-9AC0-B7141FA3C861";
				SDKROOT = iphoneos;
			};
			name = Debug;
		};
		09ABC08D13A1D52E009C3FCF /* Release */ = {
			isa = XCBuildConfiguration;
			buildSettings = {
				CLANG_WARN_BOOL_CONVERSION = YES;
				CLANG_WARN_CONSTANT_CONVERSION = YES;
				CLANG_WARN_EMPTY_BODY = YES;
				CLANG_WARN_ENUM_CONVERSION = YES;
				CLANG_WARN_INT_CONVERSION = YES;
				CLANG_WARN__DUPLICATE_METHOD_MATCH = YES;
				CODE_SIGN_IDENTITY = "";
				"CODE_SIGN_IDENTITY[sdk=iphoneos*]" = "";
				GCC_C_LANGUAGE_STANDARD = gnu99;
				GCC_VERSION = "";
				GCC_WARN_64_TO_32_BIT_CONVERSION = YES;
				GCC_WARN_ABOUT_RETURN_TYPE = YES;
				GCC_WARN_UNDECLARED_SELECTOR = YES;
				GCC_WARN_UNINITIALIZED_AUTOS = YES;
				GCC_WARN_UNUSED_FUNCTION = YES;
				GCC_WARN_UNUSED_VARIABLE = YES;
				IPHONEOS_DEPLOYMENT_TARGET = 7.0;
				OTHER_CFLAGS = "-DNS_BLOCK_ASSERTIONS=1";
				PROVISIONING_PROFILE = "AF724591-6F38-41BD-9AC0-B7141FA3C861";
				SDKROOT = iphoneos;
			};
			name = Release;
		};
		09ABC08F13A1D52E009C3FCF /* Debug */ = {
			isa = XCBuildConfiguration;
			baseConfigurationReference = 164177ABC0BF41C6946CDFA7 /* Pods.xcconfig */;
			buildSettings = {
				ALWAYS_SEARCH_USER_PATHS = NO;
				ASSETCATALOG_COMPILER_APPICON_NAME = AppIcon;
				ASSETCATALOG_COMPILER_LAUNCHIMAGE_NAME = LaunchImage;
				CLANG_ENABLE_OBJC_ARC = YES;
				CODE_SIGN_IDENTITY = "iPhone Developer";
				"CODE_SIGN_IDENTITY[sdk=iphoneos*]" = "iPhone Developer";
				COPY_PHASE_STRIP = NO;
				FRAMEWORK_SEARCH_PATHS = (
					"$(inherited)",
					"\"$(SRCROOT)\"",
				);
				GCC_DYNAMIC_NO_PIC = NO;
				GCC_PRECOMPILE_PREFIX_HEADER = YES;
				GCC_PREFIX_HEADER = "AudiobookPlayer/AudiobookPlayer-Prefix.pch";
				GCC_VERSION = com.apple.compilers.llvm.clang.1_0;
				INFOPLIST_FILE = "AudiobookPlayer/AudiobookPlayer-Info.plist";
				PRODUCT_NAME = AudiobookPlayer;
				PROVISIONING_PROFILE = "AF724591-6F38-41BD-9AC0-B7141FA3C861";
				WRAPPER_EXTENSION = app;
			};
			name = Debug;
		};
		09ABC09013A1D52E009C3FCF /* Release */ = {
			isa = XCBuildConfiguration;
			baseConfigurationReference = 164177ABC0BF41C6946CDFA7 /* Pods.xcconfig */;
			buildSettings = {
				ALWAYS_SEARCH_USER_PATHS = NO;
				ASSETCATALOG_COMPILER_APPICON_NAME = AppIcon;
				ASSETCATALOG_COMPILER_LAUNCHIMAGE_NAME = LaunchImage;
				CLANG_ENABLE_OBJC_ARC = YES;
				CODE_SIGN_IDENTITY = "iPhone Developer";
				"CODE_SIGN_IDENTITY[sdk=iphoneos*]" = "iPhone Developer";
				COPY_PHASE_STRIP = YES;
				FRAMEWORK_SEARCH_PATHS = (
					"$(inherited)",
					"\"$(SRCROOT)\"",
				);
				GCC_PRECOMPILE_PREFIX_HEADER = YES;
				GCC_PREFIX_HEADER = "AudiobookPlayer/AudiobookPlayer-Prefix.pch";
				GCC_VERSION = com.apple.compilers.llvm.clang.1_0;
				INFOPLIST_FILE = "AudiobookPlayer/AudiobookPlayer-Info.plist";
				PRODUCT_NAME = AudiobookPlayer;
				PROVISIONING_PROFILE = "AF724591-6F38-41BD-9AC0-B7141FA3C861";
				VALIDATE_PRODUCT = YES;
				WRAPPER_EXTENSION = app;
			};
			name = Release;
		};
/* End XCBuildConfiguration section */

/* Begin XCConfigurationList section */
		09ABC06713A1D52D009C3FCF /* Build configuration list for PBXProject "AudiobookPlayer" */ = {
			isa = XCConfigurationList;
			buildConfigurations = (
				09ABC08C13A1D52E009C3FCF /* Debug */,
				09ABC08D13A1D52E009C3FCF /* Release */,
			);
			defaultConfigurationIsVisible = 0;
			defaultConfigurationName = Release;
		};
		09ABC08E13A1D52E009C3FCF /* Build configuration list for PBXNativeTarget "AudiobookPlayer" */ = {
			isa = XCConfigurationList;
			buildConfigurations = (
				09ABC08F13A1D52E009C3FCF /* Debug */,
				09ABC09013A1D52E009C3FCF /* Release */,
			);
			defaultConfigurationIsVisible = 0;
			defaultConfigurationName = Release;
		};
/* End XCConfigurationList section */

/* Begin XCVersionGroup section */
		0CEA204219418D1500A833D8 /* Model.xcdatamodeld */ = {
			isa = XCVersionGroup;
			children = (
				0CEA204319418D1500A833D8 /* Model.xcdatamodel */,
			);
			currentVersion = 0CEA204319418D1500A833D8 /* Model.xcdatamodel */;
			path = Model.xcdatamodeld;
			sourceTree = "<group>";
			versionGroupType = wrapper.xcdatamodel;
		};
/* End XCVersionGroup section */
	};
	rootObject = 09ABC06413A1D52D009C3FCF /* Project object */;
}
